PODS:
  - Alamofire (4.8.0)
  - BigInt (3.1.0):
    - SipHash (~> 1.2)
  - CryptoSwift (0.11.0)
  - ICONKit (0.2.3):
    - BigInt
    - CryptoSwift (= 0.11.0)
    - Result
    - scrypt
    - secp256k1_ios (~> 0.1.3)
  - LicensesViewController (0.7.0)
  - PromiseKit (6.7.0):
    - PromiseKit/CorePromise (= 6.7.0)
    - PromiseKit/Foundation (= 6.7.0)
    - PromiseKit/UIKit (= 6.7.0)
  - PromiseKit/CorePromise (6.7.0)
  - PromiseKit/Foundation (6.7.0):
    - PromiseKit/CorePromise
  - PromiseKit/UIKit (6.7.0):
    - PromiseKit/CorePromise
  - Realm (3.11.0):
    - Realm/Headers (= 3.11.0)
  - Realm/Headers (3.11.0)
  - RealmSwift (3.11.0):
    - Realm (= 3.11.0)
  - Result (3.2.4)
  - RxCocoa (4.3.1):
    - RxSwift (~> 4.0)
  - RxSwift (4.3.1)
  - scrypt (1.8.1):
    - CryptoSwift (~> 0.11)
  - secp256k1_ios (0.1.3)
  - SipHash (1.2.2)
  - Toast-Swift (4.0.1)
  - web3swift (1.1.7):
    - BigInt (~> 3.1)
    - CryptoSwift (~> 0.11)
    - PromiseKit (~> 6.3)
    - Result (~> 3.0)
    - scrypt (~> 1.7)
    - secp256k1_ios (~> 0.1)

DEPENDENCIES:
  - Alamofire
  - ICONKit (from `~/works/ICONKit`)
  - LicensesViewController
  - RealmSwift (= 3.11.0)
  - RxCocoa (= 4.3.1)
  - RxSwift (= 4.3.1)
  - scrypt (from `https://github.com/a1ahn/scrypt-cryptoswift.git`)
  - Toast-Swift (~> 4.0.0)
  - web3swift

SPEC REPOS:
  https://github.com/CocoaPods/Specs.git:
    - Alamofire
    - BigInt
    - CryptoSwift
    - LicensesViewController
    - PromiseKit
    - Realm
    - RealmSwift
    - Result
    - RxCocoa
    - RxSwift
    - secp256k1_ios
    - SipHash
    - Toast-Swift
    - web3swift

EXTERNAL SOURCES:
  ICONKit:
    :path: "~/works/ICONKit"
  scrypt:
    :git: https://github.com/a1ahn/scrypt-cryptoswift.git

CHECKOUT OPTIONS:
  scrypt:
    :commit: 2ced9c58054328c723135a16717dd3ff0fcf6e57
    :git: https://github.com/a1ahn/scrypt-cryptoswift.git

SPEC CHECKSUMS:
  Alamofire: 3ec537f71edc9804815215393ae2b1a8ea33a844
  BigInt: 76b5dfdfa3e2e478d4ffdf161aeede5502e2742f
  CryptoSwift: ad5208dd2aae0a764ea4ce2c2d34bd067cae67f0
  ICONKit: fdbc68520fc9fbb74079959d7c5553f6981be491
  LicensesViewController: 2f7bba13b3cec7516d4990e41df297720fdbaaab
  PromiseKit: 453ddcc947fe7b302f3ef41882b81d31c554df7f
  Realm: 92f09a102692b96a9a10e9617f214f15c5ab85fc
  RealmSwift: 5f0481cd658bb751c509314b964a35eaa264d2cf
  Result: d2d07204ce72856f1fd9130bbe42c35a7b0fea10
  RxCocoa: 78763c7b07d02455598d9fc3c1ad091a28b73635
  RxSwift: fe0fd770a43acdb7d0a53da411c9b892e69bb6e4
  scrypt: 3f6c9e7597091c0e79c4516870b9989064ceee5d
  secp256k1_ios: ac9ef04e761f43c58012b28548afa91493761f17
  SipHash: fad90a4683e420c52ef28063063dbbce248ea6d4
  Toast-Swift: e42a638589a2f95036b4bb7626cfbdde7daf0393
  web3swift: e39ddb21627fcc6b47881b49583f589cae128902

PODFILE CHECKSUM: 017b6a8a80bb574dfc24aef4b88d7ebc62f22983

COCOAPODS: 1.5.0
