// !$*UTF8*$!
{
	archiveVersion = 1;
	classes = {
	};
	objectVersion = 48;
	objects = {

/* Begin PBXBuildFile section */
		BF2C561C22B9DB1D002AD5CC /* libcrypto.a in Frameworks */ = {isa = PBXBuildFile; fileRef = BF2C55BF22B9DB1D002AD5CC /* libcrypto.a */; };
		BF2C561D22B9DB1D002AD5CC /* updateinfo.dat in Resources */ = {isa = PBXBuildFile; fileRef = BF2C55C022B9DB1D002AD5CC /* updateinfo.dat */; };
		BF2C561E22B9DB1D002AD5CC /* libnperm.a in Frameworks */ = {isa = PBXBuildFile; fileRef = BF2C55C122B9DB1D002AD5CC /* libnperm.a */; };
		BF2C561F22B9DB1D002AD5CC /* ixShield_icon.foundation.iconex_license.txt in Resources */ = {isa = PBXBuildFile; fileRef = BF2C561622B9DB1D002AD5CC /* ixShield_icon.foundation.iconex_license.txt */; };
		BF2C562022B9DB1D002AD5CC /* libssl.a in Frameworks */ = {isa = PBXBuildFile; fileRef = BF2C561722B9DB1D002AD5CC /* libssl.a */; };
		BF2C562122B9DB1D002AD5CC /* libnSafer.a in Frameworks */ = {isa = PBXBuildFile; fileRef = BF2C561822B9DB1D002AD5CC /* libnSafer.a */; };
		BF2C562222B9DB1D002AD5CC /* libNSHCBasic.a in Frameworks */ = {isa = PBXBuildFile; fileRef = BF2C561922B9DB1D002AD5CC /* libNSHCBasic.a */; };
		BF2C562322B9DB1D002AD5CC /* san.dat in Resources */ = {isa = PBXBuildFile; fileRef = BF2C561A22B9DB1D002AD5CC /* san.dat */; };
		BF2C562422B9DB1D002AD5CC /* lib_ixShield.a in Frameworks */ = {isa = PBXBuildFile; fileRef = BF2C561B22B9DB1D002AD5CC /* lib_ixShield.a */; };
		D4003BF120E4DD080003F4CB /* NanumSquareRegular.ttf in Resources */ = {isa = PBXBuildFile; fileRef = D4003BF020E4CAFA0003F4CB /* NanumSquareRegular.ttf */; };
		D4143E042133BE79004212A9 /* Errors.swift in Sources */ = {isa = PBXBuildFile; fileRef = D4143E032133BE78004212A9 /* Errors.swift */; };
		D424B72E22EEB0E600D9BD12 /* Colors.swift in Sources */ = {isa = PBXBuildFile; fileRef = D424B72D22EEB0E600D9BD12 /* Colors.swift */; };
		D424B73222EEB7C200D9BD12 /* IXInputBox.swift in Sources */ = {isa = PBXBuildFile; fileRef = D424B73122EEB7C200D9BD12 /* IXInputBox.swift */; };
		D424B73522EEB7F200D9BD12 /* IXTextField.swift in Sources */ = {isa = PBXBuildFile; fileRef = D424B73422EEB7F200D9BD12 /* IXTextField.swift */; };
		D424B73722EEBE0C00D9BD12 /* UILabel+Extension.swift in Sources */ = {isa = PBXBuildFile; fileRef = D424B73622EEBE0C00D9BD12 /* UILabel+Extension.swift */; };
		D424B73922EECA9A00D9BD12 /* IXInputBox.xib in Resources */ = {isa = PBXBuildFile; fileRef = D424B73822EECA9900D9BD12 /* IXInputBox.xib */; };
		D424B73C22EEE43100D9BD12 /* Intro.storyboard in Resources */ = {isa = PBXBuildFile; fileRef = D424B73B22EEE43100D9BD12 /* Intro.storyboard */; };
		D424B73E22EEE85B00D9BD12 /* IntroViewController.swift in Sources */ = {isa = PBXBuildFile; fileRef = D424B73D22EEE85B00D9BD12 /* IntroViewController.swift */; };
		D4277E7A20746606006F3C95 /* ETHWallet.swift in Sources */ = {isa = PBXBuildFile; fileRef = D4277E7920746606006F3C95 /* ETHWallet.swift */; };
		D427DCEA221117050098D852 /* Tokens.json in Resources */ = {isa = PBXBuildFile; fileRef = D427DCE9221117050098D852 /* Tokens.json */; };
		D428A53E20201B2F005B14D8 /* Configurations.swift in Sources */ = {isa = PBXBuildFile; fileRef = D428A53D20201B2F005B14D8 /* Configurations.swift */; };
		D434868920E6254500B7708F /* NanumSquareBold.ttf in Resources */ = {isa = PBXBuildFile; fileRef = D434868820E6254500B7708F /* NanumSquareBold.ttf */; };
		D43DB33822D6DB480029FFF0 /* Managers.swift in Sources */ = {isa = PBXBuildFile; fileRef = D43DB33722D6DB480029FFF0 /* Managers.swift */; };
		D446A07022E160540000D4CA /* String+Extension.swift in Sources */ = {isa = PBXBuildFile; fileRef = D446A06F22E160540000D4CA /* String+Extension.swift */; };
		D446A07222E160AD0000D4CA /* UIColor+Extension.swift in Sources */ = {isa = PBXBuildFile; fileRef = D446A07122E160AD0000D4CA /* UIColor+Extension.swift */; };
		D446A07422E162840000D4CA /* UIButton+Extension.swift in Sources */ = {isa = PBXBuildFile; fileRef = D446A07322E162840000D4CA /* UIButton+Extension.swift */; };
		D446A07622E162EA0000D4CA /* UIView+Extension.swift in Sources */ = {isa = PBXBuildFile; fileRef = D446A07522E162EA0000D4CA /* UIView+Extension.swift */; };
		D446A07A22E163310000D4CA /* UIImage+Extension.swift in Sources */ = {isa = PBXBuildFile; fileRef = D446A07922E163310000D4CA /* UIImage+Extension.swift */; };
		D446A07C22E16A6F0000D4CA /* BigInt+Extension.swift in Sources */ = {isa = PBXBuildFile; fileRef = D446A07B22E16A6F0000D4CA /* BigInt+Extension.swift */; };
		D446A07E22E16F230000D4CA /* Data+Extension.swift in Sources */ = {isa = PBXBuildFile; fileRef = D446A07D22E16F230000D4CA /* Data+Extension.swift */; };
		D44A94892019CA0100F60614 /* Cipher.swift in Sources */ = {isa = PBXBuildFile; fileRef = D44A94882019CA0100F60614 /* Cipher.swift */; };
		D44A948B2019CB0D00F60614 /* Security.framework in Frameworks */ = {isa = PBXBuildFile; fileRef = D44A948A2019CB0D00F60614 /* Security.framework */; };
		D468CEF622F0380F0019D7BB /* PermissionViewController.swift in Sources */ = {isa = PBXBuildFile; fileRef = D468CEF522F0380F0019D7BB /* PermissionViewController.swift */; };
		D468CEF922F03CAB0019D7BB /* Popable.swift in Sources */ = {isa = PBXBuildFile; fileRef = D468CEF822F03CAB0019D7BB /* Popable.swift */; };
		D468CEFF22F0611D0019D7BB /* UILabel+Extension.swift in Sources */ = {isa = PBXBuildFile; fileRef = D468CEFE22F0611D0019D7BB /* UILabel+Extension.swift */; };
		D46CD8A522E006C30063BAA0 /* Variables.swift in Sources */ = {isa = PBXBuildFile; fileRef = D46CD8A422E006C30063BAA0 /* Variables.swift */; };
		D46CD8A922E045D00063BAA0 /* Validator.swift in Sources */ = {isa = PBXBuildFile; fileRef = D46CD8A822E045D00063BAA0 /* Validator.swift */; };
		D46DB4D420A1903500B632D9 /* Localizable.strings in Resources */ = {isa = PBXBuildFile; fileRef = D46DB4D620A1903500B632D9 /* Localizable.strings */; };
		D4719B22200F2796005F6BDA /* logger.swift in Sources */ = {isa = PBXBuildFile; fileRef = D4719B21200F2796005F6BDA /* logger.swift */; };
		D471F202205A755C00F565EF /* Database.swift in Sources */ = {isa = PBXBuildFile; fileRef = D471F201205A755C00F565EF /* Database.swift */; };
		D4728A132007040B00E0A899 /* AppDelegate.swift in Sources */ = {isa = PBXBuildFile; fileRef = D4728A122007040B00E0A899 /* AppDelegate.swift */; };
		D4728A1A2007040B00E0A899 /* Assets.xcassets in Resources */ = {isa = PBXBuildFile; fileRef = D4728A192007040B00E0A899 /* Assets.xcassets */; };
		D4728A1D2007040B00E0A899 /* LaunchScreen.storyboard in Resources */ = {isa = PBXBuildFile; fileRef = D4728A1B2007040B00E0A899 /* LaunchScreen.storyboard */; };
		D47A03DE20A2CEF5009A3A99 /* NSBundle+Language.m in Sources */ = {isa = PBXBuildFile; fileRef = D47A03DD20A2CEF5009A3A99 /* NSBundle+Language.m */; };
		D48D181A2133E75E00BEAA2F /* Response.swift in Sources */ = {isa = PBXBuildFile; fileRef = D48D18192133E75E00BEAA2F /* Response.swift */; };
		D48E49BA2043E5DD0064CFF4 /* WalletBase.swift in Sources */ = {isa = PBXBuildFile; fileRef = D48E49B92043E5DD0064CFF4 /* WalletBase.swift */; };
		D48E49BC2043E6030064CFF4 /* ICXWallet.swift in Sources */ = {isa = PBXBuildFile; fileRef = D48E49BB2043E6030064CFF4 /* ICXWallet.swift */; };
		D4930131213E4E6500F83D26 /* Tracker.swift in Sources */ = {isa = PBXBuildFile; fileRef = D4930130213E4E6500F83D26 /* Tracker.swift */; };
		D4944E71200C7FF0002D1870 /* extensions.swift in Sources */ = {isa = PBXBuildFile; fileRef = D4944E70200C7FF0002D1870 /* extensions.swift */; };
		D4B178EB206E0A5800F8CC35 /* Animator.swift in Sources */ = {isa = PBXBuildFile; fileRef = D4B178EA206E0A5800F8CC35 /* Animator.swift */; };
		D4BE74C92040046C00638E2E /* Util.swift in Sources */ = {isa = PBXBuildFile; fileRef = D4BE74C82040046C00638E2E /* Util.swift */; };
		D4C542CB22E995AF0099358D /* BaseViewController.swift in Sources */ = {isa = PBXBuildFile; fileRef = D4C542CA22E995AF0099358D /* BaseViewController.swift */; };
		D4EB066520C63730005AF9F1 /* ethToken.json in Resources */ = {isa = PBXBuildFile; fileRef = D4EB066420C63730005AF9F1 /* ethToken.json */; };
		D4ECFE5622013FE4001644AF /* WalletKeystore.swift in Sources */ = {isa = PBXBuildFile; fileRef = D4ECFE5522013FE4001644AF /* WalletKeystore.swift */; };
		D4F657D222E5422200FA5A26 /* Models.swift in Sources */ = {isa = PBXBuildFile; fileRef = D4F657D122E5422200FA5A26 /* Models.swift */; };
		DB4F6807B0B3AE955FDB8C51 /* Pods_iconex_ios.framework in Frameworks */ = {isa = PBXBuildFile; fileRef = D8AF444A59B79C11441D2F46 /* Pods_iconex_ios.framework */; };
/* End PBXBuildFile section */

/* Begin PBXCopyFilesBuildPhase section */
		D4A8C09221BE437500B41B36 /* Embed App Extensions */ = {
			isa = PBXCopyFilesBuildPhase;
			buildActionMask = 2147483647;
			dstPath = "";
			dstSubfolderSpec = 13;
			files = (
			);
			name = "Embed App Extensions";
			runOnlyForDeploymentPostprocessing = 0;
		};
/* End PBXCopyFilesBuildPhase section */

/* Begin PBXFileReference section */
		2E7BD58B66D88111B1FA0E1C /* Pods-iconex_ios.release.xcconfig */ = {isa = PBXFileReference; includeInIndex = 1; lastKnownFileType = text.xcconfig; name = "Pods-iconex_ios.release.xcconfig"; path = "Target Support Files/Pods-iconex_ios/Pods-iconex_ios.release.xcconfig"; sourceTree = "<group>"; };
		3E8D34438ACDAE074E8C6D6F /* Pods-iconex_ios.debug.xcconfig */ = {isa = PBXFileReference; includeInIndex = 1; lastKnownFileType = text.xcconfig; name = "Pods-iconex_ios.debug.xcconfig"; path = "Target Support Files/Pods-iconex_ios/Pods-iconex_ios.debug.xcconfig"; sourceTree = "<group>"; };
		BF0B659222CB52E400E13200 /* Pods-iconex_ios-acknowledgements.plist */ = {isa = PBXFileReference; lastKnownFileType = text.plist; path = "Pods-iconex_ios-acknowledgements.plist"; sourceTree = "<group>"; };
		BF2C55BF22B9DB1D002AD5CC /* libcrypto.a */ = {isa = PBXFileReference; lastKnownFileType = archive.ar; path = libcrypto.a; sourceTree = "<group>"; };
		BF2C55C022B9DB1D002AD5CC /* updateinfo.dat */ = {isa = PBXFileReference; lastKnownFileType = file; path = updateinfo.dat; sourceTree = "<group>"; };
		BF2C55C122B9DB1D002AD5CC /* libnperm.a */ = {isa = PBXFileReference; lastKnownFileType = archive.ar; path = libnperm.a; sourceTree = "<group>"; };
		BF2C55C322B9DB1D002AD5CC /* pem2.h */ = {isa = PBXFileReference; fileEncoding = 4; lastKnownFileType = sourcecode.c.h; path = pem2.h; sourceTree = "<group>"; };
		BF2C55C422B9DB1D002AD5CC /* pem.h */ = {isa = PBXFileReference; fileEncoding = 4; lastKnownFileType = sourcecode.c.h; path = pem.h; sourceTree = "<group>"; };
		BF2C55C522B9DB1D002AD5CC /* ssl3.h */ = {isa = PBXFileReference; fileEncoding = 4; lastKnownFileType = sourcecode.c.h; path = ssl3.h; sourceTree = "<group>"; };
		BF2C55C622B9DB1D002AD5CC /* ossl_typ.h */ = {isa = PBXFileReference; fileEncoding = 4; lastKnownFileType = sourcecode.c.h; path = ossl_typ.h; sourceTree = "<group>"; };
		BF2C55C722B9DB1D002AD5CC /* dtls1.h */ = {isa = PBXFileReference; fileEncoding = 4; lastKnownFileType = sourcecode.c.h; path = dtls1.h; sourceTree = "<group>"; };
		BF2C55C822B9DB1D002AD5CC /* err.h */ = {isa = PBXFileReference; fileEncoding = 4; lastKnownFileType = sourcecode.c.h; path = err.h; sourceTree = "<group>"; };
		BF2C55C922B9DB1D002AD5CC /* bn.h */ = {isa = PBXFileReference; fileEncoding = 4; lastKnownFileType = sourcecode.c.h; path = bn.h; sourceTree = "<group>"; };
		BF2C55CA22B9DB1D002AD5CC /* blowfish.h */ = {isa = PBXFileReference; fileEncoding = 4; lastKnownFileType = sourcecode.c.h; path = blowfish.h; sourceTree = "<group>"; };
		BF2C55CB22B9DB1D002AD5CC /* cms.h */ = {isa = PBXFileReference; fileEncoding = 4; lastKnownFileType = sourcecode.c.h; path = cms.h; sourceTree = "<group>"; };
		BF2C55CC22B9DB1D002AD5CC /* engine.h */ = {isa = PBXFileReference; fileEncoding = 4; lastKnownFileType = sourcecode.c.h; path = engine.h; sourceTree = "<group>"; };
		BF2C55CD22B9DB1D002AD5CC /* conf_api.h */ = {isa = PBXFileReference; fileEncoding = 4; lastKnownFileType = sourcecode.c.h; path = conf_api.h; sourceTree = "<group>"; };
		BF2C55CE22B9DB1D002AD5CC /* x509.h */ = {isa = PBXFileReference; fileEncoding = 4; lastKnownFileType = sourcecode.c.h; path = x509.h; sourceTree = "<group>"; };
		BF2C55CF22B9DB1D002AD5CC /* asn1_mac.h */ = {isa = PBXFileReference; fileEncoding = 4; lastKnownFileType = sourcecode.c.h; path = asn1_mac.h; sourceTree = "<group>"; };
		BF2C55D022B9DB1D002AD5CC /* opensslconf_ios_x86_64.h */ = {isa = PBXFileReference; fileEncoding = 4; lastKnownFileType = sourcecode.c.h; path = opensslconf_ios_x86_64.h; sourceTree = "<group>"; };
		BF2C55D122B9DB1D002AD5CC /* ui.h */ = {isa = PBXFileReference; fileEncoding = 4; lastKnownFileType = sourcecode.c.h; path = ui.h; sourceTree = "<group>"; };
		BF2C55D222B9DB1D002AD5CC /* kssl.h */ = {isa = PBXFileReference; fileEncoding = 4; lastKnownFileType = sourcecode.c.h; path = kssl.h; sourceTree = "<group>"; };
		BF2C55D322B9DB1D002AD5CC /* opensslconf_tvos_x86_64.h */ = {isa = PBXFileReference; fileEncoding = 4; lastKnownFileType = sourcecode.c.h; path = opensslconf_tvos_x86_64.h; sourceTree = "<group>"; };
		BF2C55D422B9DB1D002AD5CC /* opensslconf_ios_armv7s.h */ = {isa = PBXFileReference; fileEncoding = 4; lastKnownFileType = sourcecode.c.h; path = opensslconf_ios_armv7s.h; sourceTree = "<group>"; };
		BF2C55D522B9DB1D002AD5CC /* sha.h */ = {isa = PBXFileReference; fileEncoding = 4; lastKnownFileType = sourcecode.c.h; path = sha.h; sourceTree = "<group>"; };
		BF2C55D622B9DB1D002AD5CC /* symhacks.h */ = {isa = PBXFileReference; fileEncoding = 4; lastKnownFileType = sourcecode.c.h; path = symhacks.h; sourceTree = "<group>"; };
		BF2C55D722B9DB1D002AD5CC /* asn1.h */ = {isa = PBXFileReference; fileEncoding = 4; lastKnownFileType = sourcecode.c.h; path = asn1.h; sourceTree = "<group>"; };
		BF2C55D822B9DB1D002AD5CC /* opensslconf.h */ = {isa = PBXFileReference; fileEncoding = 4; lastKnownFileType = sourcecode.c.h; path = opensslconf.h; sourceTree = "<group>"; };
		BF2C55D922B9DB1D002AD5CC /* opensslconf_ios_i386.h */ = {isa = PBXFileReference; fileEncoding = 4; lastKnownFileType = sourcecode.c.h; path = opensslconf_ios_i386.h; sourceTree = "<group>"; };
		BF2C55DA22B9DB1D002AD5CC /* bio.h */ = {isa = PBXFileReference; fileEncoding = 4; lastKnownFileType = sourcecode.c.h; path = bio.h; sourceTree = "<group>"; };
		BF2C55DB22B9DB1D002AD5CC /* rc2.h */ = {isa = PBXFileReference; fileEncoding = 4; lastKnownFileType = sourcecode.c.h; path = rc2.h; sourceTree = "<group>"; };
		BF2C55DC22B9DB1D002AD5CC /* dh.h */ = {isa = PBXFileReference; fileEncoding = 4; lastKnownFileType = sourcecode.c.h; path = dh.h; sourceTree = "<group>"; };
		BF2C55DD22B9DB1D002AD5CC /* ui_compat.h */ = {isa = PBXFileReference; fileEncoding = 4; lastKnownFileType = sourcecode.c.h; path = ui_compat.h; sourceTree = "<group>"; };
		BF2C55DE22B9DB1D002AD5CC /* x509v3.h */ = {isa = PBXFileReference; fileEncoding = 4; lastKnownFileType = sourcecode.c.h; path = x509v3.h; sourceTree = "<group>"; };
		BF2C55DF22B9DB1D002AD5CC /* ssl23.h */ = {isa = PBXFileReference; fileEncoding = 4; lastKnownFileType = sourcecode.c.h; path = ssl23.h; sourceTree = "<group>"; };
		BF2C55E022B9DB1D002AD5CC /* conf.h */ = {isa = PBXFileReference; fileEncoding = 4; lastKnownFileType = sourcecode.c.h; path = conf.h; sourceTree = "<group>"; };
		BF2C55E122B9DB1D002AD5CC /* md5.h */ = {isa = PBXFileReference; fileEncoding = 4; lastKnownFileType = sourcecode.c.h; path = md5.h; sourceTree = "<group>"; };
		BF2C55E222B9DB1D002AD5CC /* x509_vfy.h */ = {isa = PBXFileReference; fileEncoding = 4; lastKnownFileType = sourcecode.c.h; path = x509_vfy.h; sourceTree = "<group>"; };
		BF2C55E322B9DB1D002AD5CC /* txt_db.h */ = {isa = PBXFileReference; fileEncoding = 4; lastKnownFileType = sourcecode.c.h; path = txt_db.h; sourceTree = "<group>"; };
		BF2C55E422B9DB1D002AD5CC /* safestack.h */ = {isa = PBXFileReference; fileEncoding = 4; lastKnownFileType = sourcecode.c.h; path = safestack.h; sourceTree = "<group>"; };
		BF2C55E522B9DB1D002AD5CC /* ecdsa.h */ = {isa = PBXFileReference; fileEncoding = 4; lastKnownFileType = sourcecode.c.h; path = ecdsa.h; sourceTree = "<group>"; };
		BF2C55E622B9DB1D002AD5CC /* objects.h */ = {isa = PBXFileReference; fileEncoding = 4; lastKnownFileType = sourcecode.c.h; path = objects.h; sourceTree = "<group>"; };
		BF2C55E722B9DB1D002AD5CC /* pkcs12.h */ = {isa = PBXFileReference; fileEncoding = 4; lastKnownFileType = sourcecode.c.h; path = pkcs12.h; sourceTree = "<group>"; };
		BF2C55E822B9DB1D002AD5CC /* crypto.h */ = {isa = PBXFileReference; fileEncoding = 4; lastKnownFileType = sourcecode.c.h; path = crypto.h; sourceTree = "<group>"; };
		BF2C55E922B9DB1D002AD5CC /* opensslv.h */ = {isa = PBXFileReference; fileEncoding = 4; lastKnownFileType = sourcecode.c.h; path = opensslv.h; sourceTree = "<group>"; };
		BF2C55EA22B9DB1D002AD5CC /* pkcs7.h */ = {isa = PBXFileReference; fileEncoding = 4; lastKnownFileType = sourcecode.c.h; path = pkcs7.h; sourceTree = "<group>"; };
		BF2C55EB22B9DB1D002AD5CC /* obj_mac.h */ = {isa = PBXFileReference; fileEncoding = 4; lastKnownFileType = sourcecode.c.h; path = obj_mac.h; sourceTree = "<group>"; };
		BF2C55EC22B9DB1D002AD5CC /* buffer.h */ = {isa = PBXFileReference; fileEncoding = 4; lastKnownFileType = sourcecode.c.h; path = buffer.h; sourceTree = "<group>"; };
		BF2C55ED22B9DB1D002AD5CC /* ssl.h */ = {isa = PBXFileReference; fileEncoding = 4; lastKnownFileType = sourcecode.c.h; path = ssl.h; sourceTree = "<group>"; };
		BF2C55EE22B9DB1D002AD5CC /* srp.h */ = {isa = PBXFileReference; fileEncoding = 4; lastKnownFileType = sourcecode.c.h; path = srp.h; sourceTree = "<group>"; };
		BF2C55EF22B9DB1D002AD5CC /* camellia.h */ = {isa = PBXFileReference; fileEncoding = 4; lastKnownFileType = sourcecode.c.h; path = camellia.h; sourceTree = "<group>"; };
		BF2C55F022B9DB1D002AD5CC /* opensslconf_ios_arm64.h */ = {isa = PBXFileReference; fileEncoding = 4; lastKnownFileType = sourcecode.c.h; path = opensslconf_ios_arm64.h; sourceTree = "<group>"; };
		BF2C55F122B9DB1D002AD5CC /* evp.h */ = {isa = PBXFileReference; fileEncoding = 4; lastKnownFileType = sourcecode.c.h; path = evp.h; sourceTree = "<group>"; };
		BF2C55F222B9DB1D002AD5CC /* e_os2.h */ = {isa = PBXFileReference; fileEncoding = 4; lastKnownFileType = sourcecode.c.h; path = e_os2.h; sourceTree = "<group>"; };
		BF2C55F322B9DB1D002AD5CC /* md4.h */ = {isa = PBXFileReference; fileEncoding = 4; lastKnownFileType = sourcecode.c.h; path = md4.h; sourceTree = "<group>"; };
		BF2C55F422B9DB1D002AD5CC /* hmac.h */ = {isa = PBXFileReference; fileEncoding = 4; lastKnownFileType = sourcecode.c.h; path = hmac.h; sourceTree = "<group>"; };
		BF2C55F522B9DB1D002AD5CC /* aes.h */ = {isa = PBXFileReference; fileEncoding = 4; lastKnownFileType = sourcecode.c.h; path = aes.h; sourceTree = "<group>"; };
		BF2C55F622B9DB1D002AD5CC /* comp.h */ = {isa = PBXFileReference; fileEncoding = 4; lastKnownFileType = sourcecode.c.h; path = comp.h; sourceTree = "<group>"; };
		BF2C55F722B9DB1D002AD5CC /* cast.h */ = {isa = PBXFileReference; fileEncoding = 4; lastKnownFileType = sourcecode.c.h; path = cast.h; sourceTree = "<group>"; };
		BF2C55F822B9DB1D002AD5CC /* rc4.h */ = {isa = PBXFileReference; fileEncoding = 4; lastKnownFileType = sourcecode.c.h; path = rc4.h; sourceTree = "<group>"; };
		BF2C55F922B9DB1D002AD5CC /* stack.h */ = {isa = PBXFileReference; fileEncoding = 4; lastKnownFileType = sourcecode.c.h; path = stack.h; sourceTree = "<group>"; };
		BF2C55FA22B9DB1D002AD5CC /* des.h */ = {isa = PBXFileReference; fileEncoding = 4; lastKnownFileType = sourcecode.c.h; path = des.h; sourceTree = "<group>"; };
		BF2C55FB22B9DB1D002AD5CC /* ocsp.h */ = {isa = PBXFileReference; fileEncoding = 4; lastKnownFileType = sourcecode.c.h; path = ocsp.h; sourceTree = "<group>"; };
		BF2C55FC22B9DB1D002AD5CC /* ec.h */ = {isa = PBXFileReference; fileEncoding = 4; lastKnownFileType = sourcecode.c.h; path = ec.h; sourceTree = "<group>"; };
		BF2C55FD22B9DB1D002AD5CC /* ecdh.h */ = {isa = PBXFileReference; fileEncoding = 4; lastKnownFileType = sourcecode.c.h; path = ecdh.h; sourceTree = "<group>"; };
		BF2C55FE22B9DB1D002AD5CC /* rand.h */ = {isa = PBXFileReference; fileEncoding = 4; lastKnownFileType = sourcecode.c.h; path = rand.h; sourceTree = "<group>"; };
		BF2C55FF22B9DB1D002AD5CC /* opensslconf_ios_armv7.h */ = {isa = PBXFileReference; fileEncoding = 4; lastKnownFileType = sourcecode.c.h; path = opensslconf_ios_armv7.h; sourceTree = "<group>"; };
		BF2C560022B9DB1D002AD5CC /* opensslconf_tvos_arm64.h */ = {isa = PBXFileReference; fileEncoding = 4; lastKnownFileType = sourcecode.c.h; path = opensslconf_tvos_arm64.h; sourceTree = "<group>"; };
		BF2C560122B9DB1D002AD5CC /* ts.h */ = {isa = PBXFileReference; fileEncoding = 4; lastKnownFileType = sourcecode.c.h; path = ts.h; sourceTree = "<group>"; };
		BF2C560222B9DB1D002AD5CC /* pqueue.h */ = {isa = PBXFileReference; fileEncoding = 4; lastKnownFileType = sourcecode.c.h; path = pqueue.h; sourceTree = "<group>"; };
		BF2C560322B9DB1D002AD5CC /* dso.h */ = {isa = PBXFileReference; fileEncoding = 4; lastKnownFileType = sourcecode.c.h; path = dso.h; sourceTree = "<group>"; };
		BF2C560422B9DB1D002AD5CC /* seed.h */ = {isa = PBXFileReference; fileEncoding = 4; lastKnownFileType = sourcecode.c.h; path = seed.h; sourceTree = "<group>"; };
		BF2C560522B9DB1D002AD5CC /* modes.h */ = {isa = PBXFileReference; fileEncoding = 4; lastKnownFileType = sourcecode.c.h; path = modes.h; sourceTree = "<group>"; };
		BF2C560622B9DB1D002AD5CC /* ssl2.h */ = {isa = PBXFileReference; fileEncoding = 4; lastKnownFileType = sourcecode.c.h; path = ssl2.h; sourceTree = "<group>"; };
		BF2C560722B9DB1D002AD5CC /* rsa.h */ = {isa = PBXFileReference; fileEncoding = 4; lastKnownFileType = sourcecode.c.h; path = rsa.h; sourceTree = "<group>"; };
		BF2C560822B9DB1D002AD5CC /* krb5_asn.h */ = {isa = PBXFileReference; fileEncoding = 4; lastKnownFileType = sourcecode.c.h; path = krb5_asn.h; sourceTree = "<group>"; };
		BF2C560922B9DB1D002AD5CC /* des_old.h */ = {isa = PBXFileReference; fileEncoding = 4; lastKnownFileType = sourcecode.c.h; path = des_old.h; sourceTree = "<group>"; };
		BF2C560A22B9DB1D002AD5CC /* ripemd.h */ = {isa = PBXFileReference; fileEncoding = 4; lastKnownFileType = sourcecode.c.h; path = ripemd.h; sourceTree = "<group>"; };
		BF2C560B22B9DB1D002AD5CC /* whrlpool.h */ = {isa = PBXFileReference; fileEncoding = 4; lastKnownFileType = sourcecode.c.h; path = whrlpool.h; sourceTree = "<group>"; };
		BF2C560C22B9DB1D002AD5CC /* tls1.h */ = {isa = PBXFileReference; fileEncoding = 4; lastKnownFileType = sourcecode.c.h; path = tls1.h; sourceTree = "<group>"; };
		BF2C560D22B9DB1D002AD5CC /* mdc2.h */ = {isa = PBXFileReference; fileEncoding = 4; lastKnownFileType = sourcecode.c.h; path = mdc2.h; sourceTree = "<group>"; };
		BF2C560E22B9DB1D002AD5CC /* dsa.h */ = {isa = PBXFileReference; fileEncoding = 4; lastKnownFileType = sourcecode.c.h; path = dsa.h; sourceTree = "<group>"; };
		BF2C560F22B9DB1D002AD5CC /* srtp.h */ = {isa = PBXFileReference; fileEncoding = 4; lastKnownFileType = sourcecode.c.h; path = srtp.h; sourceTree = "<group>"; };
		BF2C561022B9DB1D002AD5CC /* asn1t.h */ = {isa = PBXFileReference; fileEncoding = 4; lastKnownFileType = sourcecode.c.h; path = asn1t.h; sourceTree = "<group>"; };
		BF2C561122B9DB1D002AD5CC /* cmac.h */ = {isa = PBXFileReference; fileEncoding = 4; lastKnownFileType = sourcecode.c.h; path = cmac.h; sourceTree = "<group>"; };
		BF2C561222B9DB1D002AD5CC /* ebcdic.h */ = {isa = PBXFileReference; fileEncoding = 4; lastKnownFileType = sourcecode.c.h; path = ebcdic.h; sourceTree = "<group>"; };
		BF2C561322B9DB1D002AD5CC /* idea.h */ = {isa = PBXFileReference; fileEncoding = 4; lastKnownFileType = sourcecode.c.h; path = idea.h; sourceTree = "<group>"; };
		BF2C561422B9DB1D002AD5CC /* lhash.h */ = {isa = PBXFileReference; fileEncoding = 4; lastKnownFileType = sourcecode.c.h; path = lhash.h; sourceTree = "<group>"; };
		BF2C561522B9DB1D002AD5CC /* iX.h */ = {isa = PBXFileReference; fileEncoding = 4; lastKnownFileType = sourcecode.c.h; path = iX.h; sourceTree = "<group>"; };
		BF2C561622B9DB1D002AD5CC /* ixShield_icon.foundation.iconex_license.txt */ = {isa = PBXFileReference; fileEncoding = 4; lastKnownFileType = text; path = ixShield_icon.foundation.iconex_license.txt; sourceTree = "<group>"; };
		BF2C561722B9DB1D002AD5CC /* libssl.a */ = {isa = PBXFileReference; lastKnownFileType = archive.ar; path = libssl.a; sourceTree = "<group>"; };
		BF2C561822B9DB1D002AD5CC /* libnSafer.a */ = {isa = PBXFileReference; lastKnownFileType = archive.ar; path = libnSafer.a; sourceTree = "<group>"; };
		BF2C561922B9DB1D002AD5CC /* libNSHCBasic.a */ = {isa = PBXFileReference; lastKnownFileType = archive.ar; path = libNSHCBasic.a; sourceTree = "<group>"; };
		BF2C561A22B9DB1D002AD5CC /* san.dat */ = {isa = PBXFileReference; lastKnownFileType = file; path = san.dat; sourceTree = "<group>"; };
		BF2C561B22B9DB1D002AD5CC /* lib_ixShield.a */ = {isa = PBXFileReference; lastKnownFileType = archive.ar; path = lib_ixShield.a; sourceTree = "<group>"; };
		D4003BF020E4CAFA0003F4CB /* NanumSquareRegular.ttf */ = {isa = PBXFileReference; lastKnownFileType = file; path = NanumSquareRegular.ttf; sourceTree = "<group>"; };
		D4143E032133BE78004212A9 /* Errors.swift */ = {isa = PBXFileReference; fileEncoding = 4; lastKnownFileType = sourcecode.swift; path = Errors.swift; sourceTree = "<group>"; };
		D41B430E207B71C60011DDB9 /* Info.plist */ = {isa = PBXFileReference; lastKnownFileType = text.plist.xml; name = Info.plist; path = "/Users/ahn/Documents/work/ios-iCONex/Info.plist"; sourceTree = "<absolute>"; };
		D424B72D22EEB0E600D9BD12 /* Colors.swift */ = {isa = PBXFileReference; lastKnownFileType = sourcecode.swift; path = Colors.swift; sourceTree = "<group>"; };
		D424B73122EEB7C200D9BD12 /* IXInputBox.swift */ = {isa = PBXFileReference; lastKnownFileType = sourcecode.swift; path = IXInputBox.swift; sourceTree = "<group>"; };
		D424B73422EEB7F200D9BD12 /* IXTextField.swift */ = {isa = PBXFileReference; lastKnownFileType = sourcecode.swift; path = IXTextField.swift; sourceTree = "<group>"; };
		D424B73622EEBE0C00D9BD12 /* UILabel+Extension.swift */ = {isa = PBXFileReference; lastKnownFileType = sourcecode.swift; path = "UILabel+Extension.swift"; sourceTree = "<group>"; };
		D424B73822EECA9900D9BD12 /* IXInputBox.xib */ = {isa = PBXFileReference; lastKnownFileType = file.xib; path = IXInputBox.xib; sourceTree = "<group>"; };
		D424B73B22EEE43100D9BD12 /* Intro.storyboard */ = {isa = PBXFileReference; lastKnownFileType = file.storyboard; path = Intro.storyboard; sourceTree = "<group>"; };
		D424B73D22EEE85B00D9BD12 /* IntroViewController.swift */ = {isa = PBXFileReference; lastKnownFileType = sourcecode.swift; path = IntroViewController.swift; sourceTree = "<group>"; };
		D4277E7920746606006F3C95 /* ETHWallet.swift */ = {isa = PBXFileReference; lastKnownFileType = sourcecode.swift; path = ETHWallet.swift; sourceTree = "<group>"; };
		D427DCE9221117050098D852 /* Tokens.json */ = {isa = PBXFileReference; lastKnownFileType = text.json; path = Tokens.json; sourceTree = "<group>"; };
		D428A53D20201B2F005B14D8 /* Configurations.swift */ = {isa = PBXFileReference; lastKnownFileType = sourcecode.swift; path = Configurations.swift; sourceTree = "<group>"; };
		D434868820E6254500B7708F /* NanumSquareBold.ttf */ = {isa = PBXFileReference; lastKnownFileType = file; path = NanumSquareBold.ttf; sourceTree = "<group>"; };
		D43DB33722D6DB480029FFF0 /* Managers.swift */ = {isa = PBXFileReference; lastKnownFileType = sourcecode.swift; path = Managers.swift; sourceTree = "<group>"; };
		D446A06F22E160540000D4CA /* String+Extension.swift */ = {isa = PBXFileReference; lastKnownFileType = sourcecode.swift; path = "String+Extension.swift"; sourceTree = "<group>"; };
		D446A07122E160AD0000D4CA /* UIColor+Extension.swift */ = {isa = PBXFileReference; lastKnownFileType = sourcecode.swift; path = "UIColor+Extension.swift"; sourceTree = "<group>"; };
		D446A07322E162840000D4CA /* UIButton+Extension.swift */ = {isa = PBXFileReference; lastKnownFileType = sourcecode.swift; path = "UIButton+Extension.swift"; sourceTree = "<group>"; };
		D446A07522E162EA0000D4CA /* UIView+Extension.swift */ = {isa = PBXFileReference; lastKnownFileType = sourcecode.swift; path = "UIView+Extension.swift"; sourceTree = "<group>"; };
		D446A07922E163310000D4CA /* UIImage+Extension.swift */ = {isa = PBXFileReference; lastKnownFileType = sourcecode.swift; path = "UIImage+Extension.swift"; sourceTree = "<group>"; };
		D446A07B22E16A6F0000D4CA /* BigInt+Extension.swift */ = {isa = PBXFileReference; lastKnownFileType = sourcecode.swift; path = "BigInt+Extension.swift"; sourceTree = "<group>"; };
		D446A07D22E16F230000D4CA /* Data+Extension.swift */ = {isa = PBXFileReference; lastKnownFileType = sourcecode.swift; path = "Data+Extension.swift"; sourceTree = "<group>"; };
		D44A94882019CA0100F60614 /* Cipher.swift */ = {isa = PBXFileReference; lastKnownFileType = sourcecode.swift; path = Cipher.swift; sourceTree = "<group>"; };
		D44A948A2019CB0D00F60614 /* Security.framework */ = {isa = PBXFileReference; lastKnownFileType = wrapper.framework; name = Security.framework; path = System/Library/Frameworks/Security.framework; sourceTree = SDKROOT; };
		D468298C206251AA00ECF68F /* iconex_ios.entitlements */ = {isa = PBXFileReference; lastKnownFileType = text.plist.entitlements; path = iconex_ios.entitlements; sourceTree = "<group>"; };
		D468CEF522F0380F0019D7BB /* PermissionViewController.swift */ = {isa = PBXFileReference; lastKnownFileType = sourcecode.swift; path = PermissionViewController.swift; sourceTree = "<group>"; };
		D468CEF822F03CAB0019D7BB /* Popable.swift */ = {isa = PBXFileReference; lastKnownFileType = sourcecode.swift; path = Popable.swift; sourceTree = "<group>"; };
		D468CEFE22F0611D0019D7BB /* UILabel+Extension.swift */ = {isa = PBXFileReference; fileEncoding = 4; lastKnownFileType = sourcecode.swift; path = "UILabel+Extension.swift"; sourceTree = "<group>"; };
		D46CD8A422E006C30063BAA0 /* Variables.swift */ = {isa = PBXFileReference; lastKnownFileType = sourcecode.swift; path = Variables.swift; sourceTree = "<group>"; };
		D46CD8A822E045D00063BAA0 /* Validator.swift */ = {isa = PBXFileReference; lastKnownFileType = sourcecode.swift; path = Validator.swift; sourceTree = "<group>"; };
		D46DB4D520A1903500B632D9 /* en */ = {isa = PBXFileReference; lastKnownFileType = text.plist.strings; name = en; path = en.lproj/Localizable.strings; sourceTree = "<group>"; };
		D46DB4D720A1903800B632D9 /* ko */ = {isa = PBXFileReference; lastKnownFileType = text.plist.strings; name = ko; path = ko.lproj/Localizable.strings; sourceTree = "<group>"; };
		D4719B21200F2796005F6BDA /* logger.swift */ = {isa = PBXFileReference; lastKnownFileType = sourcecode.swift; path = logger.swift; sourceTree = "<group>"; };
		D471F201205A755C00F565EF /* Database.swift */ = {isa = PBXFileReference; lastKnownFileType = sourcecode.swift; path = Database.swift; sourceTree = "<group>"; };
		D4728A0F2007040B00E0A899 /* iconex_ios.app */ = {isa = PBXFileReference; explicitFileType = wrapper.application; includeInIndex = 0; path = iconex_ios.app; sourceTree = BUILT_PRODUCTS_DIR; };
		D4728A122007040B00E0A899 /* AppDelegate.swift */ = {isa = PBXFileReference; lastKnownFileType = sourcecode.swift; path = AppDelegate.swift; sourceTree = "<group>"; };
		D4728A192007040B00E0A899 /* Assets.xcassets */ = {isa = PBXFileReference; lastKnownFileType = folder.assetcatalog; path = Assets.xcassets; sourceTree = "<group>"; };
		D4728A1C2007040B00E0A899 /* Base */ = {isa = PBXFileReference; lastKnownFileType = file.storyboard; name = Base; path = Base.lproj/LaunchScreen.storyboard; sourceTree = "<group>"; };
		D4728A2A20073BDF00E0A899 /* iconex_ios-Bridging-Header.h */ = {isa = PBXFileReference; lastKnownFileType = sourcecode.c.h; path = "iconex_ios-Bridging-Header.h"; sourceTree = "<group>"; };
		D47A03DC20A2CEF5009A3A99 /* NSBundle+Language.h */ = {isa = PBXFileReference; lastKnownFileType = sourcecode.c.h; path = "NSBundle+Language.h"; sourceTree = "<group>"; };
		D47A03DD20A2CEF5009A3A99 /* NSBundle+Language.m */ = {isa = PBXFileReference; lastKnownFileType = sourcecode.c.objc; path = "NSBundle+Language.m"; sourceTree = "<group>"; };
		D48D18192133E75E00BEAA2F /* Response.swift */ = {isa = PBXFileReference; fileEncoding = 4; lastKnownFileType = sourcecode.swift; path = Response.swift; sourceTree = "<group>"; };
		D48E49B92043E5DD0064CFF4 /* WalletBase.swift */ = {isa = PBXFileReference; lastKnownFileType = sourcecode.swift; path = WalletBase.swift; sourceTree = "<group>"; };
		D48E49BB2043E6030064CFF4 /* ICXWallet.swift */ = {isa = PBXFileReference; lastKnownFileType = sourcecode.swift; path = ICXWallet.swift; sourceTree = "<group>"; };
		D4930130213E4E6500F83D26 /* Tracker.swift */ = {isa = PBXFileReference; lastKnownFileType = sourcecode.swift; path = Tracker.swift; sourceTree = "<group>"; };
		D4944E70200C7FF0002D1870 /* extensions.swift */ = {isa = PBXFileReference; lastKnownFileType = sourcecode.swift; path = extensions.swift; sourceTree = "<group>"; };
		D4A8C08321BE437500B41B36 /* NotificationCenter.framework */ = {isa = PBXFileReference; lastKnownFileType = wrapper.framework; name = NotificationCenter.framework; path = System/Library/Frameworks/NotificationCenter.framework; sourceTree = SDKROOT; };
		D4B178EA206E0A5800F8CC35 /* Animator.swift */ = {isa = PBXFileReference; lastKnownFileType = sourcecode.swift; path = Animator.swift; sourceTree = "<group>"; };
		D4BE74C82040046C00638E2E /* Util.swift */ = {isa = PBXFileReference; lastKnownFileType = sourcecode.swift; path = Util.swift; sourceTree = "<group>"; };
		D4C542CA22E995AF0099358D /* BaseViewController.swift */ = {isa = PBXFileReference; lastKnownFileType = sourcecode.swift; path = BaseViewController.swift; sourceTree = "<group>"; };
		D4EB066420C63730005AF9F1 /* ethToken.json */ = {isa = PBXFileReference; lastKnownFileType = text.json; path = ethToken.json; sourceTree = "<group>"; };
		D4ECFE5522013FE4001644AF /* WalletKeystore.swift */ = {isa = PBXFileReference; lastKnownFileType = sourcecode.swift; path = WalletKeystore.swift; sourceTree = "<group>"; };
		D4F657D122E5422200FA5A26 /* Models.swift */ = {isa = PBXFileReference; lastKnownFileType = sourcecode.swift; path = Models.swift; sourceTree = "<group>"; };
		D8AF444A59B79C11441D2F46 /* Pods_iconex_ios.framework */ = {isa = PBXFileReference; explicitFileType = wrapper.framework; includeInIndex = 0; path = Pods_iconex_ios.framework; sourceTree = BUILT_PRODUCTS_DIR; };
/* End PBXFileReference section */

/* Begin PBXFrameworksBuildPhase section */
		D4728A0C2007040B00E0A899 /* Frameworks */ = {
			isa = PBXFrameworksBuildPhase;
			buildActionMask = 2147483647;
			files = (
				BF2C562122B9DB1D002AD5CC /* libnSafer.a in Frameworks */,
				D44A948B2019CB0D00F60614 /* Security.framework in Frameworks */,
				BF2C562222B9DB1D002AD5CC /* libNSHCBasic.a in Frameworks */,
				BF2C561E22B9DB1D002AD5CC /* libnperm.a in Frameworks */,
				BF2C562022B9DB1D002AD5CC /* libssl.a in Frameworks */,
				BF2C561C22B9DB1D002AD5CC /* libcrypto.a in Frameworks */,
				BF2C562422B9DB1D002AD5CC /* lib_ixShield.a in Frameworks */,
				DB4F6807B0B3AE955FDB8C51 /* Pods_iconex_ios.framework in Frameworks */,
			);
			runOnlyForDeploymentPostprocessing = 0;
		};
/* End PBXFrameworksBuildPhase section */

/* Begin PBXGroup section */
		8D4DDEC28B4D9720DC645944 /* Frameworks */ = {
			isa = PBXGroup;
			children = (
				D44A948A2019CB0D00F60614 /* Security.framework */,
				D4A8C08321BE437500B41B36 /* NotificationCenter.framework */,
				D8AF444A59B79C11441D2F46 /* Pods_iconex_ios.framework */,
			);
			name = Frameworks;
			sourceTree = "<group>";
		};
		BF2C55BE22B9DB1D002AD5CC /* NSHC */ = {
			isa = PBXGroup;
			children = (
				BF2C55BF22B9DB1D002AD5CC /* libcrypto.a */,
				BF2C55C022B9DB1D002AD5CC /* updateinfo.dat */,
				BF2C55C122B9DB1D002AD5CC /* libnperm.a */,
				BF2C55C222B9DB1D002AD5CC /* include */,
				BF2C561522B9DB1D002AD5CC /* iX.h */,
				BF2C561622B9DB1D002AD5CC /* ixShield_icon.foundation.iconex_license.txt */,
				BF2C561722B9DB1D002AD5CC /* libssl.a */,
				BF2C561822B9DB1D002AD5CC /* libnSafer.a */,
				BF2C561922B9DB1D002AD5CC /* libNSHCBasic.a */,
				BF2C561A22B9DB1D002AD5CC /* san.dat */,
				BF2C561B22B9DB1D002AD5CC /* lib_ixShield.a */,
			);
			path = NSHC;
			sourceTree = "<group>";
		};
		BF2C55C222B9DB1D002AD5CC /* include */ = {
			isa = PBXGroup;
			children = (
				BF2C55C322B9DB1D002AD5CC /* pem2.h */,
				BF2C55C422B9DB1D002AD5CC /* pem.h */,
				BF2C55C522B9DB1D002AD5CC /* ssl3.h */,
				BF2C55C622B9DB1D002AD5CC /* ossl_typ.h */,
				BF2C55C722B9DB1D002AD5CC /* dtls1.h */,
				BF2C55C822B9DB1D002AD5CC /* err.h */,
				BF2C55C922B9DB1D002AD5CC /* bn.h */,
				BF2C55CA22B9DB1D002AD5CC /* blowfish.h */,
				BF2C55CB22B9DB1D002AD5CC /* cms.h */,
				BF2C55CC22B9DB1D002AD5CC /* engine.h */,
				BF2C55CD22B9DB1D002AD5CC /* conf_api.h */,
				BF2C55CE22B9DB1D002AD5CC /* x509.h */,
				BF2C55CF22B9DB1D002AD5CC /* asn1_mac.h */,
				BF2C55D022B9DB1D002AD5CC /* opensslconf_ios_x86_64.h */,
				BF2C55D122B9DB1D002AD5CC /* ui.h */,
				BF2C55D222B9DB1D002AD5CC /* kssl.h */,
				BF2C55D322B9DB1D002AD5CC /* opensslconf_tvos_x86_64.h */,
				BF2C55D422B9DB1D002AD5CC /* opensslconf_ios_armv7s.h */,
				BF2C55D522B9DB1D002AD5CC /* sha.h */,
				BF2C55D622B9DB1D002AD5CC /* symhacks.h */,
				BF2C55D722B9DB1D002AD5CC /* asn1.h */,
				BF2C55D822B9DB1D002AD5CC /* opensslconf.h */,
				BF2C55D922B9DB1D002AD5CC /* opensslconf_ios_i386.h */,
				BF2C55DA22B9DB1D002AD5CC /* bio.h */,
				BF2C55DB22B9DB1D002AD5CC /* rc2.h */,
				BF2C55DC22B9DB1D002AD5CC /* dh.h */,
				BF2C55DD22B9DB1D002AD5CC /* ui_compat.h */,
				BF2C55DE22B9DB1D002AD5CC /* x509v3.h */,
				BF2C55DF22B9DB1D002AD5CC /* ssl23.h */,
				BF2C55E022B9DB1D002AD5CC /* conf.h */,
				BF2C55E122B9DB1D002AD5CC /* md5.h */,
				BF2C55E222B9DB1D002AD5CC /* x509_vfy.h */,
				BF2C55E322B9DB1D002AD5CC /* txt_db.h */,
				BF2C55E422B9DB1D002AD5CC /* safestack.h */,
				BF2C55E522B9DB1D002AD5CC /* ecdsa.h */,
				BF2C55E622B9DB1D002AD5CC /* objects.h */,
				BF2C55E722B9DB1D002AD5CC /* pkcs12.h */,
				BF2C55E822B9DB1D002AD5CC /* crypto.h */,
				BF2C55E922B9DB1D002AD5CC /* opensslv.h */,
				BF2C55EA22B9DB1D002AD5CC /* pkcs7.h */,
				BF2C55EB22B9DB1D002AD5CC /* obj_mac.h */,
				BF2C55EC22B9DB1D002AD5CC /* buffer.h */,
				BF2C55ED22B9DB1D002AD5CC /* ssl.h */,
				BF2C55EE22B9DB1D002AD5CC /* srp.h */,
				BF2C55EF22B9DB1D002AD5CC /* camellia.h */,
				BF2C55F022B9DB1D002AD5CC /* opensslconf_ios_arm64.h */,
				BF2C55F122B9DB1D002AD5CC /* evp.h */,
				BF2C55F222B9DB1D002AD5CC /* e_os2.h */,
				BF2C55F322B9DB1D002AD5CC /* md4.h */,
				BF2C55F422B9DB1D002AD5CC /* hmac.h */,
				BF2C55F522B9DB1D002AD5CC /* aes.h */,
				BF2C55F622B9DB1D002AD5CC /* comp.h */,
				BF2C55F722B9DB1D002AD5CC /* cast.h */,
				BF2C55F822B9DB1D002AD5CC /* rc4.h */,
				BF2C55F922B9DB1D002AD5CC /* stack.h */,
				BF2C55FA22B9DB1D002AD5CC /* des.h */,
				BF2C55FB22B9DB1D002AD5CC /* ocsp.h */,
				BF2C55FC22B9DB1D002AD5CC /* ec.h */,
				BF2C55FD22B9DB1D002AD5CC /* ecdh.h */,
				BF2C55FE22B9DB1D002AD5CC /* rand.h */,
				BF2C55FF22B9DB1D002AD5CC /* opensslconf_ios_armv7.h */,
				BF2C560022B9DB1D002AD5CC /* opensslconf_tvos_arm64.h */,
				BF2C560122B9DB1D002AD5CC /* ts.h */,
				BF2C560222B9DB1D002AD5CC /* pqueue.h */,
				BF2C560322B9DB1D002AD5CC /* dso.h */,
				BF2C560422B9DB1D002AD5CC /* seed.h */,
				BF2C560522B9DB1D002AD5CC /* modes.h */,
				BF2C560622B9DB1D002AD5CC /* ssl2.h */,
				BF2C560722B9DB1D002AD5CC /* rsa.h */,
				BF2C560822B9DB1D002AD5CC /* krb5_asn.h */,
				BF2C560922B9DB1D002AD5CC /* des_old.h */,
				BF2C560A22B9DB1D002AD5CC /* ripemd.h */,
				BF2C560B22B9DB1D002AD5CC /* whrlpool.h */,
				BF2C560C22B9DB1D002AD5CC /* tls1.h */,
				BF2C560D22B9DB1D002AD5CC /* mdc2.h */,
				BF2C560E22B9DB1D002AD5CC /* dsa.h */,
				BF2C560F22B9DB1D002AD5CC /* srtp.h */,
				BF2C561022B9DB1D002AD5CC /* asn1t.h */,
				BF2C561122B9DB1D002AD5CC /* cmac.h */,
				BF2C561222B9DB1D002AD5CC /* ebcdic.h */,
				BF2C561322B9DB1D002AD5CC /* idea.h */,
				BF2C561422B9DB1D002AD5CC /* lhash.h */,
			);
			path = include;
			sourceTree = "<group>";
		};
		D4003BEF20E4CA9A0003F4CB /* Fonts */ = {
			isa = PBXGroup;
			children = (
				D4003BF020E4CAFA0003F4CB /* NanumSquareRegular.ttf */,
				D434868820E6254500B7708F /* NanumSquareBold.ttf */,
			);
			path = Fonts;
			sourceTree = "<group>";
		};
		D424B72F22EEB73100D9BD12 /* Custom */ = {
			isa = PBXGroup;
			children = (
				D468CEF722F03C730019D7BB /* Modal */,
				D424B73322EEB7DE00D9BD12 /* IXTextField */,
				D424B73022EEB7AE00D9BD12 /* IXInputBox */,
			);
			path = Custom;
			sourceTree = "<group>";
		};
		D424B73022EEB7AE00D9BD12 /* IXInputBox */ = {
			isa = PBXGroup;
			children = (
				D424B73122EEB7C200D9BD12 /* IXInputBox.swift */,
				D424B73822EECA9900D9BD12 /* IXInputBox.xib */,
			);
			path = IXInputBox;
			sourceTree = "<group>";
		};
		D424B73322EEB7DE00D9BD12 /* IXTextField */ = {
			isa = PBXGroup;
			children = (
				D424B73422EEB7F200D9BD12 /* IXTextField.swift */,
			);
			path = IXTextField;
			sourceTree = "<group>";
		};
		D424B73A22EEE42000D9BD12 /* Intro */ = {
			isa = PBXGroup;
			children = (
				D424B73B22EEE43100D9BD12 /* Intro.storyboard */,
				D424B73D22EEE85B00D9BD12 /* IntroViewController.swift */,
				D468CEF522F0380F0019D7BB /* PermissionViewController.swift */,
			);
			path = Intro;
			sourceTree = "<group>";
		};
		D428A53A202013C3005B14D8 /* Request */ = {
			isa = PBXGroup;
			children = (
				D48D18192133E75E00BEAA2F /* Response.swift */,
			);
			path = Request;
			sourceTree = "<group>";
		};
		D435E78F2018243400F1E798 /* Wallet */ = {
			isa = PBXGroup;
			children = (
				D48E49B92043E5DD0064CFF4 /* WalletBase.swift */,
				D48E49BB2043E6030064CFF4 /* ICXWallet.swift */,
				D4277E7920746606006F3C95 /* ETHWallet.swift */,
				D4ECFE5522013FE4001644AF /* WalletKeystore.swift */,
			);
			path = Wallet;
			sourceTree = "<group>";
		};
		D468CEF722F03C730019D7BB /* Modal */ = {
			isa = PBXGroup;
			children = (
				D468CEF822F03CAB0019D7BB /* Popable.swift */,
			);
			path = Modal;
			sourceTree = "<group>";
		};
		D468CEFD22F05FD60019D7BB /* Recovered References */ = {
			isa = PBXGroup;
			children = (
				D424B73622EEBE0C00D9BD12 /* UILabel+Extension.swift */,
			);
			name = "Recovered References";
			sourceTree = "<group>";
		};
		D4728A062007040B00E0A899 = {
			isa = PBXGroup;
			children = (
				BF2C55BE22B9DB1D002AD5CC /* NSHC */,
				D4728A112007040B00E0A899 /* iconex_ios */,
				D4728A102007040B00E0A899 /* Products */,
				8D4DDEC28B4D9720DC645944 /* Frameworks */,
				D41B430E207B71C60011DDB9 /* Info.plist */,
				E21AF62972AB4E5ECFA13B86 /* Pods */,
				D468CEFD22F05FD60019D7BB /* Recovered References */,
			);
			sourceTree = "<group>";
		};
		D4728A102007040B00E0A899 /* Products */ = {
			isa = PBXGroup;
			children = (
				D4728A0F2007040B00E0A899 /* iconex_ios.app */,
			);
			name = Products;
			sourceTree = "<group>";
		};
		D4728A112007040B00E0A899 /* iconex_ios */ = {
			isa = PBXGroup;
			children = (
				D4003BEF20E4CA9A0003F4CB /* Fonts */,
				D468298C206251AA00ECF68F /* iconex_ios.entitlements */,
				D4728A2420070C7D00E0A899 /* Sources */,
				D4728A122007040B00E0A899 /* AppDelegate.swift */,
				D4728A192007040B00E0A899 /* Assets.xcassets */,
				BF0B659222CB52E400E13200 /* Pods-iconex_ios-acknowledgements.plist */,
				D4EB066420C63730005AF9F1 /* ethToken.json */,
				D4728A1B2007040B00E0A899 /* LaunchScreen.storyboard */,
				D46DB4D620A1903500B632D9 /* Localizable.strings */,
				D427DCE9221117050098D852 /* Tokens.json */,
			);
			path = iconex_ios;
			sourceTree = "<group>";
		};
		D4728A2420070C7D00E0A899 /* Sources */ = {
			isa = PBXGroup;
			children = (
				D47E75A021104F7300ABC61B /* ICONex */,
			);
			path = Sources;
			sourceTree = "<group>";
		};
		D4728A2620070CBA00E0A899 /* Utils */ = {
			isa = PBXGroup;
			children = (
				D4944E6F200C7FCD002D1870 /* Extensions */,
				D4143E032133BE78004212A9 /* Errors.swift */,
				D4719B21200F2796005F6BDA /* logger.swift */,
				D44A94882019CA0100F60614 /* Cipher.swift */,
				D4BE74C82040046C00638E2E /* Util.swift */,
				D46CD8A822E045D00063BAA0 /* Validator.swift */,
				D4B178EA206E0A5800F8CC35 /* Animator.swift */,
			);
			path = Utils;
			sourceTree = "<group>";
		};
		D4728A2920073B9B00E0A899 /* Objc */ = {
			isa = PBXGroup;
			children = (
				D4728A2A20073BDF00E0A899 /* iconex_ios-Bridging-Header.h */,
				D47A03DC20A2CEF5009A3A99 /* NSBundle+Language.h */,
				D47A03DD20A2CEF5009A3A99 /* NSBundle+Language.m */,
			);
			path = Objc;
			sourceTree = "<group>";
		};
		D47E75A021104F7300ABC61B /* ICONex */ = {
			isa = PBXGroup;
			children = (
				D4C542C822E995940099358D /* UI */,
				D4F657D022E541FD00FA5A26 /* Global */,
				D4AC962221C39DB8000DFB33 /* Managers */,
				D4E3E0E121916AFE0026FEDC /* Module */,
				D4728A2920073B9B00E0A899 /* Objc */,
				D435E78F2018243400F1E798 /* Wallet */,
				D428A53A202013C3005B14D8 /* Request */,
				D4728A2620070CBA00E0A899 /* Utils */,
			);
			path = ICONex;
			sourceTree = "<group>";
		};
		D4944E6F200C7FCD002D1870 /* Extensions */ = {
			isa = PBXGroup;
			children = (
				D468CEFE22F0611D0019D7BB /* UILabel+Extension.swift */,
				D4944E70200C7FF0002D1870 /* extensions.swift */,
				D446A07D22E16F230000D4CA /* Data+Extension.swift */,
				D446A07522E162EA0000D4CA /* UIView+Extension.swift */,
				D446A06F22E160540000D4CA /* String+Extension.swift */,
				D446A07122E160AD0000D4CA /* UIColor+Extension.swift */,
				D446A07322E162840000D4CA /* UIButton+Extension.swift */,
				D446A07922E163310000D4CA /* UIImage+Extension.swift */,
				D446A07B22E16A6F0000D4CA /* BigInt+Extension.swift */,
			);
			path = Extensions;
			sourceTree = "<group>";
		};
		D4AC962221C39DB8000DFB33 /* Managers */ = {
			isa = PBXGroup;
			children = (
				D471F201205A755C00F565EF /* Database.swift */,
				D43DB33722D6DB480029FFF0 /* Managers.swift */,
				D4930130213E4E6500F83D26 /* Tracker.swift */,
				D46CD8A422E006C30063BAA0 /* Variables.swift */,
			);
			path = Managers;
			sourceTree = "<group>";
		};
		D4C542C822E995940099358D /* UI */ = {
			isa = PBXGroup;
			children = (
				D424B72F22EEB73100D9BD12 /* Custom */,
				D4C542C922E995A10099358D /* ViewControllers */,
				D424B72D22EEB0E600D9BD12 /* Colors.swift */,
			);
			path = UI;
			sourceTree = "<group>";
		};
		D4C542C922E995A10099358D /* ViewControllers */ = {
			isa = PBXGroup;
			children = (
				D424B73A22EEE42000D9BD12 /* Intro */,
				D4C542CA22E995AF0099358D /* BaseViewController.swift */,
			);
			path = ViewControllers;
			sourceTree = "<group>";
		};
		D4E3E0E121916AFE0026FEDC /* Module */ = {
			isa = PBXGroup;
			children = (
			);
			path = Module;
			sourceTree = "<group>";
		};
		D4F657D022E541FD00FA5A26 /* Global */ = {
			isa = PBXGroup;
			children = (
				D428A53D20201B2F005B14D8 /* Configurations.swift */,
				D4F657D122E5422200FA5A26 /* Models.swift */,
			);
			path = Global;
			sourceTree = "<group>";
		};
		E21AF62972AB4E5ECFA13B86 /* Pods */ = {
			isa = PBXGroup;
			children = (
				3E8D34438ACDAE074E8C6D6F /* Pods-iconex_ios.debug.xcconfig */,
				2E7BD58B66D88111B1FA0E1C /* Pods-iconex_ios.release.xcconfig */,
			);
			path = Pods;
			sourceTree = "<group>";
		};
/* End PBXGroup section */

/* Begin PBXNativeTarget section */
		D4728A0E2007040B00E0A899 /* iconex_ios */ = {
			isa = PBXNativeTarget;
			buildConfigurationList = D4728A212007040B00E0A899 /* Build configuration list for PBXNativeTarget "iconex_ios" */;
			buildPhases = (
				300492D4311AB1F90DBF6575 /* [CP] Check Pods Manifest.lock */,
				D4728A0B2007040B00E0A899 /* Sources */,
				D4728A0C2007040B00E0A899 /* Frameworks */,
				D4728A0D2007040B00E0A899 /* Resources */,
				D4A8C09221BE437500B41B36 /* Embed App Extensions */,
				D91EDF984AEC4F23997A7258 /* [CP] Embed Pods Frameworks */,
			);
			buildRules = (
			);
			dependencies = (
			);
			name = iconex_ios;
			productName = "ios-iCONex";
			productReference = D4728A0F2007040B00E0A899 /* iconex_ios.app */;
			productType = "com.apple.product-type.application";
		};
/* End PBXNativeTarget section */

/* Begin PBXProject section */
		D4728A072007040B00E0A899 /* Project object */ = {
			isa = PBXProject;
			attributes = {
				LastSwiftUpdateCheck = 1010;
				LastUpgradeCheck = 1010;
				ORGANIZATIONNAME = "ICON Foundation.";
				TargetAttributes = {
					D4728A0E2007040B00E0A899 = {
						CreatedOnToolsVersion = 9.2;
						LastSwiftMigration = 0920;
						ProvisioningStyle = Manual;
						SystemCapabilities = {
							com.apple.Push = {
								enabled = 0;
							};
							com.apple.iCloud = {
								enabled = 0;
							};
						};
					};
				};
			};
			buildConfigurationList = D4728A0A2007040B00E0A899 /* Build configuration list for PBXProject "iconex_ios" */;
			compatibilityVersion = "Xcode 8.0";
			developmentRegion = en;
			hasScannedForEncodings = 0;
			knownRegions = (
				en,
				Base,
				ko,
			);
			mainGroup = D4728A062007040B00E0A899;
			productRefGroup = D4728A102007040B00E0A899 /* Products */;
			projectDirPath = "";
			projectRoot = "";
			targets = (
				D4728A0E2007040B00E0A899 /* iconex_ios */,
			);
		};
/* End PBXProject section */

/* Begin PBXResourcesBuildPhase section */
		D4728A0D2007040B00E0A899 /* Resources */ = {
			isa = PBXResourcesBuildPhase;
			buildActionMask = 2147483647;
			files = (
				D434868920E6254500B7708F /* NanumSquareBold.ttf in Resources */,
				BF2C561F22B9DB1D002AD5CC /* ixShield_icon.foundation.iconex_license.txt in Resources */,
				D4EB066520C63730005AF9F1 /* ethToken.json in Resources */,
				D424B73C22EEE43100D9BD12 /* Intro.storyboard in Resources */,
				D427DCEA221117050098D852 /* Tokens.json in Resources */,
				D4728A1D2007040B00E0A899 /* LaunchScreen.storyboard in Resources */,
				D424B73922EECA9A00D9BD12 /* IXInputBox.xib in Resources */,
				D4728A1A2007040B00E0A899 /* Assets.xcassets in Resources */,
				D46DB4D420A1903500B632D9 /* Localizable.strings in Resources */,
				BF2C562322B9DB1D002AD5CC /* san.dat in Resources */,
				D4003BF120E4DD080003F4CB /* NanumSquareRegular.ttf in Resources */,
				BF2C561D22B9DB1D002AD5CC /* updateinfo.dat in Resources */,
			);
			runOnlyForDeploymentPostprocessing = 0;
		};
/* End PBXResourcesBuildPhase section */

/* Begin PBXShellScriptBuildPhase section */
		300492D4311AB1F90DBF6575 /* [CP] Check Pods Manifest.lock */ = {
			isa = PBXShellScriptBuildPhase;
			buildActionMask = 2147483647;
			files = (
			);
			inputFileListPaths = (
			);
			inputPaths = (
				"${PODS_PODFILE_DIR_PATH}/Podfile.lock",
				"${PODS_ROOT}/Manifest.lock",
			);
			name = "[CP] Check Pods Manifest.lock";
			outputFileListPaths = (
			);
			outputPaths = (
				"$(DERIVED_FILE_DIR)/Pods-iconex_ios-checkManifestLockResult.txt",
			);
			runOnlyForDeploymentPostprocessing = 0;
			shellPath = /bin/sh;
			shellScript = "diff \"${PODS_PODFILE_DIR_PATH}/Podfile.lock\" \"${PODS_ROOT}/Manifest.lock\" > /dev/null\nif [ $? != 0 ] ; then\n    # print error to STDERR\n    echo \"error: The sandbox is not in sync with the Podfile.lock. Run 'pod install' or update your CocoaPods installation.\" >&2\n    exit 1\nfi\n# This output is used by Xcode 'outputs' to avoid re-running this script phase.\necho \"SUCCESS\" > \"${SCRIPT_OUTPUT_FILE_0}\"\n";
			showEnvVarsInLog = 0;
		};
		D91EDF984AEC4F23997A7258 /* [CP] Embed Pods Frameworks */ = {
			isa = PBXShellScriptBuildPhase;
			buildActionMask = 2147483647;
			files = (
			);
			inputPaths = (
				"${PODS_ROOT}/Target Support Files/Pods-iconex_ios/Pods-iconex_ios-frameworks.sh",
				"${BUILT_PRODUCTS_DIR}/Alamofire/Alamofire.framework",
				"${BUILT_PRODUCTS_DIR}/BigInt/BigInt.framework",
				"${BUILT_PRODUCTS_DIR}/CryptoSwift/CryptoSwift.framework",
				"${BUILT_PRODUCTS_DIR}/ICONKit/ICONKit.framework",
				"${BUILT_PRODUCTS_DIR}/PanModal/PanModal.framework",
				"${BUILT_PRODUCTS_DIR}/PromiseKit/PromiseKit.framework",
				"${BUILT_PRODUCTS_DIR}/Realm/Realm.framework",
				"${BUILT_PRODUCTS_DIR}/RealmSwift/RealmSwift.framework",
				"${BUILT_PRODUCTS_DIR}/RxCocoa/RxCocoa.framework",
				"${BUILT_PRODUCTS_DIR}/RxRelay/RxRelay.framework",
				"${BUILT_PRODUCTS_DIR}/RxSwift/RxSwift.framework",
				"${BUILT_PRODUCTS_DIR}/SipHash/SipHash.framework",
				"${BUILT_PRODUCTS_DIR}/Starscream/Starscream.framework",
				"${BUILT_PRODUCTS_DIR}/secp256k1_swift/secp256k1_swift.framework",
				"${BUILT_PRODUCTS_DIR}/web3swift/Web3swift.framework",
			);
			name = "[CP] Embed Pods Frameworks";
			outputPaths = (
				"${TARGET_BUILD_DIR}/${FRAMEWORKS_FOLDER_PATH}/Alamofire.framework",
				"${TARGET_BUILD_DIR}/${FRAMEWORKS_FOLDER_PATH}/BigInt.framework",
				"${TARGET_BUILD_DIR}/${FRAMEWORKS_FOLDER_PATH}/CryptoSwift.framework",
				"${TARGET_BUILD_DIR}/${FRAMEWORKS_FOLDER_PATH}/ICONKit.framework",
				"${TARGET_BUILD_DIR}/${FRAMEWORKS_FOLDER_PATH}/PanModal.framework",
				"${TARGET_BUILD_DIR}/${FRAMEWORKS_FOLDER_PATH}/PromiseKit.framework",
				"${TARGET_BUILD_DIR}/${FRAMEWORKS_FOLDER_PATH}/Realm.framework",
				"${TARGET_BUILD_DIR}/${FRAMEWORKS_FOLDER_PATH}/RealmSwift.framework",
				"${TARGET_BUILD_DIR}/${FRAMEWORKS_FOLDER_PATH}/RxCocoa.framework",
				"${TARGET_BUILD_DIR}/${FRAMEWORKS_FOLDER_PATH}/RxRelay.framework",
				"${TARGET_BUILD_DIR}/${FRAMEWORKS_FOLDER_PATH}/RxSwift.framework",
				"${TARGET_BUILD_DIR}/${FRAMEWORKS_FOLDER_PATH}/SipHash.framework",
				"${TARGET_BUILD_DIR}/${FRAMEWORKS_FOLDER_PATH}/Starscream.framework",
				"${TARGET_BUILD_DIR}/${FRAMEWORKS_FOLDER_PATH}/secp256k1_swift.framework",
				"${TARGET_BUILD_DIR}/${FRAMEWORKS_FOLDER_PATH}/Web3swift.framework",
			);
			runOnlyForDeploymentPostprocessing = 0;
			shellPath = /bin/sh;
			shellScript = "\"${PODS_ROOT}/Target Support Files/Pods-iconex_ios/Pods-iconex_ios-frameworks.sh\"\n";
			showEnvVarsInLog = 0;
		};
/* End PBXShellScriptBuildPhase section */

/* Begin PBXSourcesBuildPhase section */
		D4728A0B2007040B00E0A899 /* Sources */ = {
			isa = PBXSourcesBuildPhase;
			buildActionMask = 2147483647;
			files = (
				D4B178EB206E0A5800F8CC35 /* Animator.swift in Sources */,
				D424B73522EEB7F200D9BD12 /* IXTextField.swift in Sources */,
				D4C542CB22E995AF0099358D /* BaseViewController.swift in Sources */,
				D424B72E22EEB0E600D9BD12 /* Colors.swift in Sources */,
				D48E49BC2043E6030064CFF4 /* ICXWallet.swift in Sources */,
				D446A07022E160540000D4CA /* String+Extension.swift in Sources */,
				D424B73222EEB7C200D9BD12 /* IXInputBox.swift in Sources */,
				D47A03DE20A2CEF5009A3A99 /* NSBundle+Language.m in Sources */,
				D468CEFF22F0611D0019D7BB /* UILabel+Extension.swift in Sources */,
				D4ECFE5622013FE4001644AF /* WalletKeystore.swift in Sources */,
				D446A07C22E16A6F0000D4CA /* BigInt+Extension.swift in Sources */,
				D446A07622E162EA0000D4CA /* UIView+Extension.swift in Sources */,
				D468CEF922F03CAB0019D7BB /* Popable.swift in Sources */,
				D446A07E22E16F230000D4CA /* Data+Extension.swift in Sources */,
				D46CD8A922E045D00063BAA0 /* Validator.swift in Sources */,
				D44A94892019CA0100F60614 /* Cipher.swift in Sources */,
				D4F657D222E5422200FA5A26 /* Models.swift in Sources */,
				D4277E7A20746606006F3C95 /* ETHWallet.swift in Sources */,
				D446A07222E160AD0000D4CA /* UIColor+Extension.swift in Sources */,
				D424B73722EEBE0C00D9BD12 /* UILabel+Extension.swift in Sources */,
				D446A07422E162840000D4CA /* UIButton+Extension.swift in Sources */,
				D48D181A2133E75E00BEAA2F /* Response.swift in Sources */,
				D4930131213E4E6500F83D26 /* Tracker.swift in Sources */,
				D4BE74C92040046C00638E2E /* Util.swift in Sources */,
				D428A53E20201B2F005B14D8 /* Configurations.swift in Sources */,
				D4719B22200F2796005F6BDA /* logger.swift in Sources */,
				D43DB33822D6DB480029FFF0 /* Managers.swift in Sources */,
				D471F202205A755C00F565EF /* Database.swift in Sources */,
				D446A07A22E163310000D4CA /* UIImage+Extension.swift in Sources */,
				D46CD8A522E006C30063BAA0 /* Variables.swift in Sources */,
				D4728A132007040B00E0A899 /* AppDelegate.swift in Sources */,
				D4143E042133BE79004212A9 /* Errors.swift in Sources */,
				D424B73E22EEE85B00D9BD12 /* IntroViewController.swift in Sources */,
				D4944E71200C7FF0002D1870 /* extensions.swift in Sources */,
				D48E49BA2043E5DD0064CFF4 /* WalletBase.swift in Sources */,
				D468CEF622F0380F0019D7BB /* PermissionViewController.swift in Sources */,
			);
			runOnlyForDeploymentPostprocessing = 0;
		};
/* End PBXSourcesBuildPhase section */

/* Begin PBXVariantGroup section */
		D46DB4D620A1903500B632D9 /* Localizable.strings */ = {
			isa = PBXVariantGroup;
			children = (
				D46DB4D520A1903500B632D9 /* en */,
				D46DB4D720A1903800B632D9 /* ko */,
			);
			name = Localizable.strings;
			sourceTree = "<group>";
		};
		D4728A1B2007040B00E0A899 /* LaunchScreen.storyboard */ = {
			isa = PBXVariantGroup;
			children = (
				D4728A1C2007040B00E0A899 /* Base */,
			);
			name = LaunchScreen.storyboard;
			sourceTree = "<group>";
		};
/* End PBXVariantGroup section */

/* Begin XCBuildConfiguration section */
		D4728A1F2007040B00E0A899 /* Debug */ = {
			isa = XCBuildConfiguration;
			buildSettings = {
				ALWAYS_SEARCH_USER_PATHS = NO;
				CLANG_ANALYZER_LOCALIZABILITY_NONLOCALIZED = YES;
				CLANG_ANALYZER_NONNULL = YES;
				CLANG_ANALYZER_NUMBER_OBJECT_CONVERSION = YES_AGGRESSIVE;
				CLANG_CXX_LANGUAGE_STANDARD = "gnu++14";
				CLANG_CXX_LIBRARY = "libc++";
				CLANG_ENABLE_OBJC_ARC = YES;
				CLANG_WARN_BLOCK_CAPTURE_AUTORELEASING = YES;
				CLANG_WARN_BOOL_CONVERSION = YES;
				CLANG_WARN_COMMA = YES;
				CLANG_WARN_CONSTANT_CONVERSION = YES;
				CLANG_WARN_DEPRECATED_OBJC_IMPLEMENTATIONS = YES;
				CLANG_WARN_DIRECT_OBJC_ISA_USAGE = YES_ERROR;
				CLANG_WARN_DOCUMENTATION_COMMENTS = YES;
				CLANG_WARN_EMPTY_BODY = YES;
				CLANG_WARN_ENUM_CONVERSION = YES;
				CLANG_WARN_INFINITE_RECURSION = YES;
				CLANG_WARN_INT_CONVERSION = YES;
				CLANG_WARN_NON_LITERAL_NULL_CONVERSION = YES;
				CLANG_WARN_OBJC_IMPLICIT_RETAIN_SELF = YES;
				CLANG_WARN_OBJC_LITERAL_CONVERSION = YES;
				CLANG_WARN_OBJC_ROOT_CLASS = YES_ERROR;
				CLANG_WARN_RANGE_LOOP_ANALYSIS = YES;
				CLANG_WARN_STRICT_PROTOTYPES = YES;
				CLANG_WARN_SUSPICIOUS_MOVE = YES;
				CLANG_WARN_UNGUARDED_AVAILABILITY = YES_AGGRESSIVE;
				CLANG_WARN_UNREACHABLE_CODE = YES;
				CLANG_WARN__DUPLICATE_METHOD_MATCH = YES;
				CODE_SIGN_IDENTITY = "iPhone Developer";
				COPY_PHASE_STRIP = NO;
				DEBUG_INFORMATION_FORMAT = dwarf;
				ENABLE_STRICT_OBJC_MSGSEND = YES;
				ENABLE_TESTABILITY = YES;
				FRAMEWORK_SEARCH_PATHS = "$(SRCROOT)/**";
				GCC_C_LANGUAGE_STANDARD = gnu11;
				GCC_DYNAMIC_NO_PIC = NO;
				GCC_NO_COMMON_BLOCKS = YES;
				GCC_OPTIMIZATION_LEVEL = 0;
				GCC_PREPROCESSOR_DEFINITIONS = (
					"DEBUG=1",
					"$(inherited)",
				);
				GCC_WARN_64_TO_32_BIT_CONVERSION = YES;
				GCC_WARN_ABOUT_RETURN_TYPE = YES_ERROR;
				GCC_WARN_UNDECLARED_SELECTOR = YES;
				GCC_WARN_UNINITIALIZED_AUTOS = YES_AGGRESSIVE;
				GCC_WARN_UNUSED_FUNCTION = YES;
				GCC_WARN_UNUSED_VARIABLE = YES;
				IPHONEOS_DEPLOYMENT_TARGET = 10.0;
				MTL_ENABLE_DEBUG_INFO = YES;
				ONLY_ACTIVE_ARCH = YES;
				SDKROOT = iphoneos;
				SWIFT_ACTIVE_COMPILATION_CONDITIONS = DEBUG;
				SWIFT_INCLUDE_PATHS = "$(inherited)";
				SWIFT_OPTIMIZATION_LEVEL = "-Onone";
			};
			name = Debug;
		};
		D4728A202007040B00E0A899 /* Release */ = {
			isa = XCBuildConfiguration;
			buildSettings = {
				ALWAYS_SEARCH_USER_PATHS = NO;
				CLANG_ANALYZER_LOCALIZABILITY_NONLOCALIZED = YES;
				CLANG_ANALYZER_NONNULL = YES;
				CLANG_ANALYZER_NUMBER_OBJECT_CONVERSION = YES_AGGRESSIVE;
				CLANG_CXX_LANGUAGE_STANDARD = "gnu++14";
				CLANG_CXX_LIBRARY = "libc++";
				CLANG_ENABLE_OBJC_ARC = YES;
				CLANG_WARN_BLOCK_CAPTURE_AUTORELEASING = YES;
				CLANG_WARN_BOOL_CONVERSION = YES;
				CLANG_WARN_COMMA = YES;
				CLANG_WARN_CONSTANT_CONVERSION = YES;
				CLANG_WARN_DEPRECATED_OBJC_IMPLEMENTATIONS = YES;
				CLANG_WARN_DIRECT_OBJC_ISA_USAGE = YES_ERROR;
				CLANG_WARN_DOCUMENTATION_COMMENTS = YES;
				CLANG_WARN_EMPTY_BODY = YES;
				CLANG_WARN_ENUM_CONVERSION = YES;
				CLANG_WARN_INFINITE_RECURSION = YES;
				CLANG_WARN_INT_CONVERSION = YES;
				CLANG_WARN_NON_LITERAL_NULL_CONVERSION = YES;
				CLANG_WARN_OBJC_IMPLICIT_RETAIN_SELF = YES;
				CLANG_WARN_OBJC_LITERAL_CONVERSION = YES;
				CLANG_WARN_OBJC_ROOT_CLASS = YES_ERROR;
				CLANG_WARN_RANGE_LOOP_ANALYSIS = YES;
				CLANG_WARN_STRICT_PROTOTYPES = YES;
				CLANG_WARN_SUSPICIOUS_MOVE = YES;
				CLANG_WARN_UNGUARDED_AVAILABILITY = YES_AGGRESSIVE;
				CLANG_WARN_UNREACHABLE_CODE = YES;
				CLANG_WARN__DUPLICATE_METHOD_MATCH = YES;
				CODE_SIGN_IDENTITY = "iPhone Developer";
				COPY_PHASE_STRIP = NO;
				DEBUG_INFORMATION_FORMAT = "dwarf-with-dsym";
				ENABLE_NS_ASSERTIONS = NO;
				ENABLE_STRICT_OBJC_MSGSEND = YES;
				GCC_C_LANGUAGE_STANDARD = gnu11;
				GCC_NO_COMMON_BLOCKS = YES;
				GCC_WARN_64_TO_32_BIT_CONVERSION = YES;
				GCC_WARN_ABOUT_RETURN_TYPE = YES_ERROR;
				GCC_WARN_UNDECLARED_SELECTOR = YES;
				GCC_WARN_UNINITIALIZED_AUTOS = YES_AGGRESSIVE;
				GCC_WARN_UNUSED_FUNCTION = YES;
				GCC_WARN_UNUSED_VARIABLE = YES;
				IPHONEOS_DEPLOYMENT_TARGET = 10.0;
				MTL_ENABLE_DEBUG_INFO = NO;
				SDKROOT = iphoneos;
				SWIFT_INCLUDE_PATHS = "$(inherited)";
				SWIFT_OPTIMIZATION_LEVEL = "-Owholemodule";
				VALIDATE_PRODUCT = YES;
			};
			name = Release;
		};
		D4728A222007040B00E0A899 /* Debug */ = {
			isa = XCBuildConfiguration;
			baseConfigurationReference = 3E8D34438ACDAE074E8C6D6F /* Pods-iconex_ios.debug.xcconfig */;
			buildSettings = {
				ALWAYS_SEARCH_USER_PATHS = NO;
				ASSETCATALOG_COMPILER_APPICON_NAME = AppIcon;
				CLANG_ENABLE_MODULES = YES;
				CODE_SIGN_IDENTITY = "iPhone Developer";
				CODE_SIGN_STYLE = Manual;
				DEVELOPMENT_TEAM = 27F4PR54DX;
				ENABLE_BITCODE = YES;
				FRAMEWORK_SEARCH_PATHS = (
					"$(SRCROOT)",
					"$(inherited)",
				);
				HEADER_SEARCH_PATHS = (
					"$(inherited)",
					"$(SRCROOT)/NSHC/**",
					"$(SRCROOT)/Pods/**",
				);
				INFOPLIST_FILE = "$(SRCROOT)/Info.plist";
				IPHONEOS_DEPLOYMENT_TARGET = 10.0;
				LD_RUNPATH_SEARCH_PATHS = "$(inherited) @executable_path/Frameworks";
				LIBRARY_SEARCH_PATHS = (
					"$(inherited)",
					"$(PROJECT_DIR)/NSHC/**",
					"$(SRCROOT)/Pods/**",
					"$(PROJECT_DIR)/NSHC",
				);
				OTHER_SWIFT_FLAGS = "$(inherited)";
				PRODUCT_BUNDLE_IDENTIFIER = icon.foundation.iconex;
				PRODUCT_NAME = "$(TARGET_NAME)";
				PROVISIONING_PROFILE = "1a0890d8-ae44-4ec0-b5a1-1707ed9d2ccc";
				PROVISIONING_PROFILE_SPECIFIER = "ICONex-Dev";
				SWIFT_INCLUDE_PATHS = "$(inherited)";
				SWIFT_OBJC_BRIDGING_HEADER = "$(PROJECT_DIR)/iconex_ios/Sources/ICONex/Objc/iconex_ios-Bridging-Header.h";
				SWIFT_OPTIMIZATION_LEVEL = "-Onone";
				SWIFT_VERSION = 5.0;
				TARGETED_DEVICE_FAMILY = "1,2";
				USER_HEADER_SEARCH_PATHS = "$(PODS_ROOT)/**";
			};
			name = Debug;
		};
		D4728A232007040B00E0A899 /* Release */ = {
			isa = XCBuildConfiguration;
			baseConfigurationReference = 2E7BD58B66D88111B1FA0E1C /* Pods-iconex_ios.release.xcconfig */;
			buildSettings = {
				ALWAYS_SEARCH_USER_PATHS = NO;
				ASSETCATALOG_COMPILER_APPICON_NAME = AppIcon;
				CLANG_ENABLE_MODULES = YES;
				CODE_SIGN_IDENTITY = "iPhone Distribution";
				CODE_SIGN_STYLE = Manual;
				DEVELOPMENT_TEAM = 27F4PR54DX;
				ENABLE_BITCODE = YES;
				FRAMEWORK_SEARCH_PATHS = (
					"$(SRCROOT)",
					"$(inherited)",
				);
				HEADER_SEARCH_PATHS = (
					"$(inherited)",
					"$(SRCROOT)/NSHC/**",
					"$(SRCROOT)/Pods/**",
				);
				INFOPLIST_FILE = "$(SRCROOT)/Info.plist";
				IPHONEOS_DEPLOYMENT_TARGET = 10.0;
				LD_RUNPATH_SEARCH_PATHS = "$(inherited) @executable_path/Frameworks";
				LIBRARY_SEARCH_PATHS = (
					"$(inherited)",
					"$(PROJECT_DIR)/NSHC/**",
					"$(SRCROOT)/Pods/**",
					"$(PROJECT_DIR)/NSHC",
				);
				OTHER_SWIFT_FLAGS = "$(inherited)";
				PRODUCT_BUNDLE_IDENTIFIER = icon.foundation.iconex;
				PRODUCT_NAME = "$(TARGET_NAME)";
				PROVISIONING_PROFILE = "9206590a-1a5b-408a-8716-9326fa1813b6";
				PROVISIONING_PROFILE_SPECIFIER = "ICONex AppStore";
				SWIFT_INCLUDE_PATHS = "$(inherited)";
				SWIFT_OBJC_BRIDGING_HEADER = "$(PROJECT_DIR)/iconex_ios/Sources/ICONex/Objc/iconex_ios-Bridging-Header.h";
				SWIFT_VERSION = 5.0;
				TARGETED_DEVICE_FAMILY = "1,2";
				USER_HEADER_SEARCH_PATHS = "$(PODS_ROOT)/**";
			};
			name = Release;
		};
/* End XCBuildConfiguration section */

/* Begin XCConfigurationList section */
		D4728A0A2007040B00E0A899 /* Build configuration list for PBXProject "iconex_ios" */ = {
			isa = XCConfigurationList;
			buildConfigurations = (
				D4728A1F2007040B00E0A899 /* Debug */,
				D4728A202007040B00E0A899 /* Release */,
			);
			defaultConfigurationIsVisible = 0;
			defaultConfigurationName = Release;
		};
		D4728A212007040B00E0A899 /* Build configuration list for PBXNativeTarget "iconex_ios" */ = {
			isa = XCConfigurationList;
			buildConfigurations = (
				D4728A222007040B00E0A899 /* Debug */,
				D4728A232007040B00E0A899 /* Release */,
			);
			defaultConfigurationIsVisible = 0;
			defaultConfigurationName = Release;
		};
/* End XCConfigurationList section */
	};
	rootObject = D4728A072007040B00E0A899 /* Project object */;
}
